// !$*UTF8*$!
{
	archiveVersion = 1;
	classes = {
	};
	objectVersion = 50;
	objects = {

/* Begin PBXBuildFile section */
		AAC30BDC2422BF74006F5AB5 /* Navigation.storyboard in Resources */ = {isa = PBXBuildFile; fileRef = AAC30BDB2422BF74006F5AB5 /* Navigation.storyboard */; };
		AAD0406A241FF49B0025628C /* AppDelegate.m in Sources */ = {isa = PBXBuildFile; fileRef = AAD04069241FF49B0025628C /* AppDelegate.m */; };
		AAD0406D241FF49B0025628C /* SceneDelegate.m in Sources */ = {isa = PBXBuildFile; fileRef = AAD0406C241FF49B0025628C /* SceneDelegate.m */; };
		AAD04075241FF49E0025628C /* Assets.xcassets in Resources */ = {isa = PBXBuildFile; fileRef = AAD04074241FF49E0025628C /* Assets.xcassets */; };
		AAD04078241FF49E0025628C /* LaunchScreen.storyboard in Resources */ = {isa = PBXBuildFile; fileRef = AAD04076241FF49E0025628C /* LaunchScreen.storyboard */; };
		AAD040822421394F0025628C /* Movies.storyboard in Resources */ = {isa = PBXBuildFile; fileRef = AAD040812421394F0025628C /* Movies.storyboard */; };
		AAD733012421497C007C60CD /* MoviesTableViewController.m in Sources */ = {isa = PBXBuildFile; fileRef = AAD733002421497C007C60CD /* MoviesTableViewController.m */; };
		AAD7330424214B42007C60CD /* MoviesTableViewCell.m in Sources */ = {isa = PBXBuildFile; fileRef = AAD7330324214B42007C60CD /* MoviesTableViewCell.m */; };
		AAFBF3D724229389001ACF5F /* Details.storyboard in Resources */ = {isa = PBXBuildFile; fileRef = AAFBF3D624229389001ACF5F /* Details.storyboard */; };
		AAFBF3DC242296F4001ACF5F /* DetailsViewController.m in Sources */ = {isa = PBXBuildFile; fileRef = AAFBF3DB242296F4001ACF5F /* DetailsViewController.m */; };
		AAFBF3DE24229801001ACF5F /* main.m in Sources */ = {isa = PBXBuildFile; fileRef = AAFBF3DD24229801001ACF5F /* main.m */; };
		AB751F0924213843009A9BB2 /* Networking.m in Sources */ = {isa = PBXBuildFile; fileRef = AB751F0824213843009A9BB2 /* Networking.m */; };
		AB751F0D24214C51009A9BB2 /* Movie.m in Sources */ = {isa = PBXBuildFile; fileRef = AB751F0C24214C51009A9BB2 /* Movie.m */; };
		AB751F112421538E009A9BB2 /* Genre.m in Sources */ = {isa = PBXBuildFile; fileRef = AB751F102421538E009A9BB2 /* Genre.m */; };
		AB751F1324252756009A9BB2 /* SwiftViewController.swift in Sources */ = {isa = PBXBuildFile; fileRef = AB751F1224252756009A9BB2 /* SwiftViewController.swift */; };
		AB751F1824252AB3009A9BB2 /* SwiftStoryboard.storyboard in Resources */ = {isa = PBXBuildFile; fileRef = AB751F1724252AB3009A9BB2 /* SwiftStoryboard.storyboard */; };
/* End PBXBuildFile section */

/* Begin PBXFileReference section */
		AAC30BDB2422BF74006F5AB5 /* Navigation.storyboard */ = {isa = PBXFileReference; lastKnownFileType = file.storyboard; path = Navigation.storyboard; sourceTree = "<group>"; };
		AAD04065241FF49B0025628C /* Object-C Challenge.app */ = {isa = PBXFileReference; explicitFileType = wrapper.application; includeInIndex = 0; path = "Object-C Challenge.app"; sourceTree = BUILT_PRODUCTS_DIR; };
		AAD04068241FF49B0025628C /* AppDelegate.h */ = {isa = PBXFileReference; lastKnownFileType = sourcecode.c.h; path = AppDelegate.h; sourceTree = "<group>"; };
		AAD04069241FF49B0025628C /* AppDelegate.m */ = {isa = PBXFileReference; lastKnownFileType = sourcecode.c.objc; path = AppDelegate.m; sourceTree = "<group>"; };
		AAD0406B241FF49B0025628C /* SceneDelegate.h */ = {isa = PBXFileReference; lastKnownFileType = sourcecode.c.h; path = SceneDelegate.h; sourceTree = "<group>"; };
		AAD0406C241FF49B0025628C /* SceneDelegate.m */ = {isa = PBXFileReference; lastKnownFileType = sourcecode.c.objc; path = SceneDelegate.m; sourceTree = "<group>"; };
		AAD04074241FF49E0025628C /* Assets.xcassets */ = {isa = PBXFileReference; lastKnownFileType = folder.assetcatalog; path = Assets.xcassets; sourceTree = "<group>"; };
		AAD04077241FF49E0025628C /* Base */ = {isa = PBXFileReference; lastKnownFileType = file.storyboard; name = Base; path = Base.lproj/LaunchScreen.storyboard; sourceTree = "<group>"; };
		AAD04079241FF49E0025628C /* Info.plist */ = {isa = PBXFileReference; lastKnownFileType = text.plist.xml; path = Info.plist; sourceTree = "<group>"; };
		AAD040812421394F0025628C /* Movies.storyboard */ = {isa = PBXFileReference; lastKnownFileType = file.storyboard; path = Movies.storyboard; sourceTree = "<group>"; };
		AAD732FF2421497C007C60CD /* MoviesTableViewController.h */ = {isa = PBXFileReference; lastKnownFileType = sourcecode.c.h; path = MoviesTableViewController.h; sourceTree = "<group>"; };
		AAD733002421497C007C60CD /* MoviesTableViewController.m */ = {isa = PBXFileReference; lastKnownFileType = sourcecode.c.objc; path = MoviesTableViewController.m; sourceTree = "<group>"; };
		AAD7330224214B42007C60CD /* MoviesTableViewCell.h */ = {isa = PBXFileReference; lastKnownFileType = sourcecode.c.h; path = MoviesTableViewCell.h; sourceTree = "<group>"; };
		AAD7330324214B42007C60CD /* MoviesTableViewCell.m */ = {isa = PBXFileReference; lastKnownFileType = sourcecode.c.objc; path = MoviesTableViewCell.m; sourceTree = "<group>"; };
		AAFBF3D624229389001ACF5F /* Details.storyboard */ = {isa = PBXFileReference; lastKnownFileType = file.storyboard; path = Details.storyboard; sourceTree = "<group>"; };
		AAFBF3DA242296F4001ACF5F /* DetailsViewController.h */ = {isa = PBXFileReference; lastKnownFileType = sourcecode.c.h; path = DetailsViewController.h; sourceTree = "<group>"; };
		AAFBF3DB242296F4001ACF5F /* DetailsViewController.m */ = {isa = PBXFileReference; lastKnownFileType = sourcecode.c.objc; path = DetailsViewController.m; sourceTree = "<group>"; };
		AAFBF3DD24229801001ACF5F /* main.m */ = {isa = PBXFileReference; fileEncoding = 4; lastKnownFileType = sourcecode.c.objc; path = main.m; sourceTree = "<group>"; };
		AB751F0724213843009A9BB2 /* Networking.h */ = {isa = PBXFileReference; lastKnownFileType = sourcecode.c.h; path = Networking.h; sourceTree = "<group>"; };
		AB751F0824213843009A9BB2 /* Networking.m */ = {isa = PBXFileReference; lastKnownFileType = sourcecode.c.objc; path = Networking.m; sourceTree = "<group>"; };
		AB751F0B24214C51009A9BB2 /* Movie.h */ = {isa = PBXFileReference; lastKnownFileType = sourcecode.c.h; path = Movie.h; sourceTree = "<group>"; };
		AB751F0C24214C51009A9BB2 /* Movie.m */ = {isa = PBXFileReference; lastKnownFileType = sourcecode.c.objc; path = Movie.m; sourceTree = "<group>"; };
		AB751F0F2421538E009A9BB2 /* Genre.h */ = {isa = PBXFileReference; lastKnownFileType = sourcecode.c.h; path = Genre.h; sourceTree = "<group>"; };
		AB751F102421538E009A9BB2 /* Genre.m */ = {isa = PBXFileReference; lastKnownFileType = sourcecode.c.objc; path = Genre.m; sourceTree = "<group>"; };
		AB751F1224252756009A9BB2 /* SwiftViewController.swift */ = {isa = PBXFileReference; lastKnownFileType = sourcecode.swift; path = SwiftViewController.swift; sourceTree = "<group>"; };
		AB751F162425295B009A9BB2 /* Object-C Challenge-Bridging-Header.h */ = {isa = PBXFileReference; lastKnownFileType = sourcecode.c.h; path = "Object-C Challenge-Bridging-Header.h"; sourceTree = "<group>"; };
		AB751F1724252AB3009A9BB2 /* SwiftStoryboard.storyboard */ = {isa = PBXFileReference; lastKnownFileType = file.storyboard; path = SwiftStoryboard.storyboard; sourceTree = "<group>"; };
/* End PBXFileReference section */

/* Begin PBXFrameworksBuildPhase section */
		AAD04062241FF49B0025628C /* Frameworks */ = {
			isa = PBXFrameworksBuildPhase;
			buildActionMask = 2147483647;
			files = (
			);
			runOnlyForDeploymentPostprocessing = 0;
		};
/* End PBXFrameworksBuildPhase section */

/* Begin PBXGroup section */
		AAD0405C241FF49B0025628C = {
			isa = PBXGroup;
			children = (
				AAD04067241FF49B0025628C /* Object-C Challenge */,
				AAD04066241FF49B0025628C /* Products */,
			);
			sourceTree = "<group>";
		};
		AAD04066241FF49B0025628C /* Products */ = {
			isa = PBXGroup;
			children = (
				AAD04065241FF49B0025628C /* Object-C Challenge.app */,
			);
			name = Products;
			sourceTree = "<group>";
		};
		AAD04067241FF49B0025628C /* Object-C Challenge */ = {
			isa = PBXGroup;
			children = (
				AAD0408324213ABF0025628C /* Storyboards */,
				AAFBF3D824229663001ACF5F /* Controllers */,
				AAFBF3D9242296B4001ACF5F /* Cells */,
				AB751F0A2421384F009A9BB2 /* Networking */,
				AB751F0E24214C58009A9BB2 /* Model */,
				AAD04068241FF49B0025628C /* AppDelegate.h */,
				AAD04069241FF49B0025628C /* AppDelegate.m */,
				AAD0406B241FF49B0025628C /* SceneDelegate.h */,
				AAD0406C241FF49B0025628C /* SceneDelegate.m */,
				AAD04074241FF49E0025628C /* Assets.xcassets */,
				AAD04079241FF49E0025628C /* Info.plist */,
				AAFBF3DD24229801001ACF5F /* main.m */,
				AB751F162425295B009A9BB2 /* Object-C Challenge-Bridging-Header.h */,
			);
			path = "Object-C Challenge";
			sourceTree = "<group>";
		};
		AAD0408324213ABF0025628C /* Storyboards */ = {
			isa = PBXGroup;
			children = (
				AAD04076241FF49E0025628C /* LaunchScreen.storyboard */,
				AAD040812421394F0025628C /* Movies.storyboard */,
				AAFBF3D624229389001ACF5F /* Details.storyboard */,
				AAC30BDB2422BF74006F5AB5 /* Navigation.storyboard */,
				AB751F1724252AB3009A9BB2 /* SwiftStoryboard.storyboard */,
			);
			path = Storyboards;
			sourceTree = "<group>";
		};
		AAFBF3D824229663001ACF5F /* Controllers */ = {
			isa = PBXGroup;
			children = (
				AAD732FF2421497C007C60CD /* MoviesTableViewController.h */,
				AAD733002421497C007C60CD /* MoviesTableViewController.m */,
				AAFBF3DA242296F4001ACF5F /* DetailsViewController.h */,
				AAFBF3DB242296F4001ACF5F /* DetailsViewController.m */,
				AB751F1224252756009A9BB2 /* SwiftViewController.swift */,
			);
			path = Controllers;
			sourceTree = "<group>";
		};
		AAFBF3D9242296B4001ACF5F /* Cells */ = {
			isa = PBXGroup;
			children = (
				AAD7330224214B42007C60CD /* MoviesTableViewCell.h */,
				AAD7330324214B42007C60CD /* MoviesTableViewCell.m */,
			);
			path = Cells;
			sourceTree = "<group>";
		};
		AB751F0A2421384F009A9BB2 /* Networking */ = {
			isa = PBXGroup;
			children = (
				AB751F0724213843009A9BB2 /* Networking.h */,
				AB751F0824213843009A9BB2 /* Networking.m */,
			);
			path = Networking;
			sourceTree = "<group>";
		};
		AB751F0E24214C58009A9BB2 /* Model */ = {
			isa = PBXGroup;
			children = (
				AB751F0B24214C51009A9BB2 /* Movie.h */,
				AB751F0C24214C51009A9BB2 /* Movie.m */,
				AB751F0F2421538E009A9BB2 /* Genre.h */,
				AB751F102421538E009A9BB2 /* Genre.m */,
			);
			path = Model;
			sourceTree = "<group>";
		};
/* End PBXGroup section */

/* Begin PBXNativeTarget section */
		AAD04064241FF49B0025628C /* Object-C Challenge */ = {
			isa = PBXNativeTarget;
			buildConfigurationList = AAD0407E241FF49E0025628C /* Build configuration list for PBXNativeTarget "Object-C Challenge" */;
			buildPhases = (
				AAD04061241FF49B0025628C /* Sources */,
				AAD04062241FF49B0025628C /* Frameworks */,
				AAD04063241FF49B0025628C /* Resources */,
			);
			buildRules = (
			);
			dependencies = (
			);
			name = "Object-C Challenge";
			productName = "Object-C Challenge";
			productReference = AAD04065241FF49B0025628C /* Object-C Challenge.app */;
			productType = "com.apple.product-type.application";
		};
/* End PBXNativeTarget section */

/* Begin PBXProject section */
		AAD0405D241FF49B0025628C /* Project object */ = {
			isa = PBXProject;
			attributes = {
				LastUpgradeCheck = 1130;
				TargetAttributes = {
					AAD04064241FF49B0025628C = {
						CreatedOnToolsVersion = 11.3.1;
						LastSwiftMigration = 1130;
					};
				};
			};
			buildConfigurationList = AAD04060241FF49B0025628C /* Build configuration list for PBXProject "Object-C Challenge" */;
			compatibilityVersion = "Xcode 9.3";
			developmentRegion = en;
			hasScannedForEncodings = 0;
			knownRegions = (
				en,
				Base,
			);
			mainGroup = AAD0405C241FF49B0025628C;
			productRefGroup = AAD04066241FF49B0025628C /* Products */;
			projectDirPath = "";
			projectRoot = "";
			targets = (
				AAD04064241FF49B0025628C /* Object-C Challenge */,
			);
		};
/* End PBXProject section */

/* Begin PBXResourcesBuildPhase section */
		AAD04063241FF49B0025628C /* Resources */ = {
			isa = PBXResourcesBuildPhase;
			buildActionMask = 2147483647;
			files = (
				AAC30BDC2422BF74006F5AB5 /* Navigation.storyboard in Resources */,
				AAFBF3D724229389001ACF5F /* Details.storyboard in Resources */,
				AAD04078241FF49E0025628C /* LaunchScreen.storyboard in Resources */,
				AB751F1824252AB3009A9BB2 /* SwiftStoryboard.storyboard in Resources */,
				AAD04075241FF49E0025628C /* Assets.xcassets in Resources */,
				AAD040822421394F0025628C /* Movies.storyboard in Resources */,
			);
			runOnlyForDeploymentPostprocessing = 0;
		};
/* End PBXResourcesBuildPhase section */

/* Begin PBXSourcesBuildPhase section */
		AAD04061241FF49B0025628C /* Sources */ = {
			isa = PBXSourcesBuildPhase;
			buildActionMask = 2147483647;
			files = (
				AAD733012421497C007C60CD /* MoviesTableViewController.m in Sources */,
				AAFBF3DC242296F4001ACF5F /* DetailsViewController.m in Sources */,
				AB751F0D24214C51009A9BB2 /* Movie.m in Sources */,
				AB751F112421538E009A9BB2 /* Genre.m in Sources */,
				AB751F0924213843009A9BB2 /* Networking.m in Sources */,
				AAD0406A241FF49B0025628C /* AppDelegate.m in Sources */,
				AAD7330424214B42007C60CD /* MoviesTableViewCell.m in Sources */,
				AAFBF3DE24229801001ACF5F /* main.m in Sources */,
				AB751F1324252756009A9BB2 /* SwiftViewController.swift in Sources */,
				AAD0406D241FF49B0025628C /* SceneDelegate.m in Sources */,
			);
			runOnlyForDeploymentPostprocessing = 0;
		};
/* End PBXSourcesBuildPhase section */

/* Begin PBXVariantGroup section */
		AAD04076241FF49E0025628C /* LaunchScreen.storyboard */ = {
			isa = PBXVariantGroup;
			children = (
				AAD04077241FF49E0025628C /* Base */,
			);
			name = LaunchScreen.storyboard;
			sourceTree = "<group>";
		};
/* End PBXVariantGroup section */

/* Begin XCBuildConfiguration section */
		AAD0407C241FF49E0025628C /* Debug */ = {
			isa = XCBuildConfiguration;
			buildSettings = {
				ALWAYS_SEARCH_USER_PATHS = NO;
				CLANG_ANALYZER_NONNULL = YES;
				CLANG_ANALYZER_NUMBER_OBJECT_CONVERSION = YES_AGGRESSIVE;
				CLANG_CXX_LANGUAGE_STANDARD = "gnu++14";
				CLANG_CXX_LIBRARY = "libc++";
				CLANG_ENABLE_MODULES = YES;
				CLANG_ENABLE_OBJC_ARC = YES;
				CLANG_ENABLE_OBJC_WEAK = YES;
				CLANG_WARN_BLOCK_CAPTURE_AUTORELEASING = YES;
				CLANG_WARN_BOOL_CONVERSION = YES;
				CLANG_WARN_COMMA = YES;
				CLANG_WARN_CONSTANT_CONVERSION = YES;
				CLANG_WARN_DEPRECATED_OBJC_IMPLEMENTATIONS = YES;
				CLANG_WARN_DIRECT_OBJC_ISA_USAGE = YES_ERROR;
				CLANG_WARN_DOCUMENTATION_COMMENTS = YES;
				CLANG_WARN_EMPTY_BODY = YES;
				CLANG_WARN_ENUM_CONVERSION = YES;
				CLANG_WARN_INFINITE_RECURSION = YES;
				CLANG_WARN_INT_CONVERSION = YES;
				CLANG_WARN_NON_LITERAL_NULL_CONVERSION = YES;
				CLANG_WARN_OBJC_IMPLICIT_RETAIN_SELF = YES;
				CLANG_WARN_OBJC_LITERAL_CONVERSION = YES;
				CLANG_WARN_OBJC_ROOT_CLASS = YES_ERROR;
				CLANG_WARN_RANGE_LOOP_ANALYSIS = YES;
				CLANG_WARN_STRICT_PROTOTYPES = YES;
				CLANG_WARN_SUSPICIOUS_MOVE = YES;
				CLANG_WARN_UNGUARDED_AVAILABILITY = YES_AGGRESSIVE;
				CLANG_WARN_UNREACHABLE_CODE = YES;
				CLANG_WARN__DUPLICATE_METHOD_MATCH = YES;
				COPY_PHASE_STRIP = NO;
				DEBUG_INFORMATION_FORMAT = dwarf;
				ENABLE_STRICT_OBJC_MSGSEND = YES;
				ENABLE_TESTABILITY = YES;
				GCC_C_LANGUAGE_STANDARD = gnu11;
				GCC_DYNAMIC_NO_PIC = NO;
				GCC_NO_COMMON_BLOCKS = YES;
				GCC_OPTIMIZATION_LEVEL = 0;
				GCC_PREPROCESSOR_DEFINITIONS = (
					"DEBUG=1",
					"$(inherited)",
				);
				GCC_WARN_64_TO_32_BIT_CONVERSION = YES;
				GCC_WARN_ABOUT_RETURN_TYPE = YES_ERROR;
				GCC_WARN_UNDECLARED_SELECTOR = YES;
				GCC_WARN_UNINITIALIZED_AUTOS = YES_AGGRESSIVE;
				GCC_WARN_UNUSED_FUNCTION = YES;
				GCC_WARN_UNUSED_VARIABLE = YES;
				IPHONEOS_DEPLOYMENT_TARGET = 13.2;
				MTL_ENABLE_DEBUG_INFO = INCLUDE_SOURCE;
				MTL_FAST_MATH = YES;
				ONLY_ACTIVE_ARCH = YES;
				SDKROOT = iphoneos;
			};
			name = Debug;
		};
		AAD0407D241FF49E0025628C /* Release */ = {
			isa = XCBuildConfiguration;
			buildSettings = {
				ALWAYS_SEARCH_USER_PATHS = NO;
				CLANG_ANALYZER_NONNULL = YES;
				CLANG_ANALYZER_NUMBER_OBJECT_CONVERSION = YES_AGGRESSIVE;
				CLANG_CXX_LANGUAGE_STANDARD = "gnu++14";
				CLANG_CXX_LIBRARY = "libc++";
				CLANG_ENABLE_MODULES = YES;
				CLANG_ENABLE_OBJC_ARC = YES;
				CLANG_ENABLE_OBJC_WEAK = YES;
				CLANG_WARN_BLOCK_CAPTURE_AUTORELEASING = YES;
				CLANG_WARN_BOOL_CONVERSION = YES;
				CLANG_WARN_COMMA = YES;
				CLANG_WARN_CONSTANT_CONVERSION = YES;
				CLANG_WARN_DEPRECATED_OBJC_IMPLEMENTATIONS = YES;
				CLANG_WARN_DIRECT_OBJC_ISA_USAGE = YES_ERROR;
				CLANG_WARN_DOCUMENTATION_COMMENTS = YES;
				CLANG_WARN_EMPTY_BODY = YES;
				CLANG_WARN_ENUM_CONVERSION = YES;
				CLANG_WARN_INFINITE_RECURSION = YES;
				CLANG_WARN_INT_CONVERSION = YES;
				CLANG_WARN_NON_LITERAL_NULL_CONVERSION = YES;
				CLANG_WARN_OBJC_IMPLICIT_RETAIN_SELF = YES;
				CLANG_WARN_OBJC_LITERAL_CONVERSION = YES;
				CLANG_WARN_OBJC_ROOT_CLASS = YES_ERROR;
				CLANG_WARN_RANGE_LOOP_ANALYSIS = YES;
				CLANG_WARN_STRICT_PROTOTYPES = YES;
				CLANG_WARN_SUSPICIOUS_MOVE = YES;
				CLANG_WARN_UNGUARDED_AVAILABILITY = YES_AGGRESSIVE;
				CLANG_WARN_UNREACHABLE_CODE = YES;
				CLANG_WARN__DUPLICATE_METHOD_MATCH = YES;
				COPY_PHASE_STRIP = NO;
				DEBUG_INFORMATION_FORMAT = "dwarf-with-dsym";
				ENABLE_NS_ASSERTIONS = NO;
				ENABLE_STRICT_OBJC_MSGSEND = YES;
				GCC_C_LANGUAGE_STANDARD = gnu11;
				GCC_NO_COMMON_BLOCKS = YES;
				GCC_WARN_64_TO_32_BIT_CONVERSION = YES;
				GCC_WARN_ABOUT_RETURN_TYPE = YES_ERROR;
				GCC_WARN_UNDECLARED_SELECTOR = YES;
				GCC_WARN_UNINITIALIZED_AUTOS = YES_AGGRESSIVE;
				GCC_WARN_UNUSED_FUNCTION = YES;
				GCC_WARN_UNUSED_VARIABLE = YES;
				IPHONEOS_DEPLOYMENT_TARGET = 13.2;
				MTL_ENABLE_DEBUG_INFO = NO;
				MTL_FAST_MATH = YES;
				SDKROOT = iphoneos;
				VALIDATE_PRODUCT = YES;
			};
			name = Release;
		};
		AAD0407F241FF49E0025628C /* Debug */ = {
			isa = XCBuildConfiguration;
			buildSettings = {
				ASSETCATALOG_COMPILER_APPICON_NAME = AppIcon;
				CLANG_ENABLE_MODULES = YES;
				CODE_SIGN_STYLE = Automatic;
				DEVELOPMENT_TEAM = LZ4KUFVTZH;
				INFOPLIST_FILE = "Object-C Challenge/Info.plist";
				LD_RUNPATH_SEARCH_PATHS = (
					"$(inherited)",
					"@executable_path/Frameworks",
				);
				PRODUCT_BUNDLE_IDENTIFIER = "academy.am.Object-C-Challenge";
				PRODUCT_NAME = "$(TARGET_NAME)";
				SWIFT_OBJC_BRIDGING_HEADER = "Object-C Challenge/Object-C Challenge-Bridging-Header.h";
				SWIFT_OPTIMIZATION_LEVEL = "-Onone";
				SWIFT_VERSION = 5.0;
				TARGETED_DEVICE_FAMILY = "1,2";
			};
			name = Debug;
		};
		AAD04080241FF49E0025628C /* Release */ = {
			isa = XCBuildConfiguration;
			buildSettings = {
				ASSETCATALOG_COMPILER_APPICON_NAME = AppIcon;
				CLANG_ENABLE_MODULES = YES;
				CODE_SIGN_STYLE = Automatic;
				DEVELOPMENT_TEAM = LZ4KUFVTZH;
				INFOPLIST_FILE = "Object-C Challenge/Info.plist";
				LD_RUNPATH_SEARCH_PATHS = (
					"$(inherited)",
					"@executable_path/Frameworks",
				);
				PRODUCT_BUNDLE_IDENTIFIER = "academy.am.Object-C-Challenge";
				PRODUCT_NAME = "$(TARGET_NAME)";
				SWIFT_OBJC_BRIDGING_HEADER = "Object-C Challenge/Object-C Challenge-Bridging-Header.h";
				SWIFT_VERSION = 5.0;
				TARGETED_DEVICE_FAMILY = "1,2";
			};
			name = Release;
		};
/* End XCBuildConfiguration section */

/* Begin XCConfigurationList section */
		AAD04060241FF49B0025628C /* Build configuration list for PBXProject "Object-C Challenge" */ = {
			isa = XCConfigurationList;
			buildConfigurations = (
				AAD0407C241FF49E0025628C /* Debug */,
				AAD0407D241FF49E0025628C /* Release */,
			);
			defaultConfigurationIsVisible = 0;
			defaultConfigurationName = Release;
		};
		AAD0407E241FF49E0025628C /* Build configuration list for PBXNativeTarget "Object-C Challenge" */ = {
			isa = XCConfigurationList;
			buildConfigurations = (
				AAD0407F241FF49E0025628C /* Debug */,
				AAD04080241FF49E0025628C /* Release */,
			);
			defaultConfigurationIsVisible = 0;
			defaultConfigurationName = Release;
		};
/* End XCConfigurationList section */
	};
	rootObject = AAD0405D241FF49B0025628C /* Project object */;
}
